
Microsoft Visual Studio Solution File, Format Version 12.00
# Visual Studio Version 16
VisualStudioVersion = 16.0.30804.86
MinimumVisualStudioVersion = 10.0.40219.1
Project("{8BC9CEB8-8B4A-11D0-8D11-00A0C91BC942}") = "RacingCar_Struct", "StruckAndClass\StruckAndClass.vcxproj", "{CE46710B-816B-4A39-B4DD-05BA73EC2325}"
EndProject
Project("{8BC9CEB8-8B4A-11D0-8D11-00A0C91BC942}") = "RacingCarOuterFunc", "RacingCarOuterFunc\RacingCarOuterFunc.vcxproj", "{07E2135B-194D-4CE7-BC87-9B1A98F38D5D}"
EndProject
Project("{8BC9CEB8-8B4A-11D0-8D11-00A0C91BC942}") = "RacingCarClassBase", "RacingCarClassBase\RacingCarClassBase.vcxproj", "{344E7B85-910A-4E6E-9347-BC4DBA3E5878}"
EndProject
Project("{8BC9CEB8-8B4A-11D0-8D11-00A0C91BC942}") = "RacingCarClassSplitFunc", "RacingCarClassSplitFunc\RacingCarClassSplitFunc.vcxproj", "{51469DA6-7600-4D60-B713-A46FEF160D18}"
EndProject
Global
	GlobalSection(SolutionConfigurationPlatforms) = preSolution
		Debug|x64 = Debug|x64
		Debug|x86 = Debug|x86
		Release|x64 = Release|x64
		Release|x86 = Release|x86
	EndGlobalSection
	GlobalSection(ProjectConfigurationPlatforms) = postSolution
		{CE46710B-816B-4A39-B4DD-05BA73EC2325}.Debug|x64.ActiveCfg = Debug|x64
		{CE46710B-816B-4A39-B4DD-05BA73EC2325}.Debug|x64.Build.0 = Debug|x64
		{CE46710B-816B-4A39-B4DD-05BA73EC2325}.Debug|x86.ActiveCfg = Debug|Win32
		{CE46710B-816B-4A39-B4DD-05BA73EC2325}.Debug|x86.Build.0 = Debug|Win32
		{CE46710B-816B-4A39-B4DD-05BA73EC2325}.Release|x64.ActiveCfg = Release|x64
		{CE46710B-816B-4A39-B4DD-05BA73EC2325}.Release|x64.Build.0 = Release|x64
		{CE46710B-816B-4A39-B4DD-05BA73EC2325}.Release|x86.ActiveCfg = Release|Win32
		{CE46710B-816B-4A39-B4DD-05BA73EC2325}.Release|x86.Build.0 = Release|Win32
		{07E2135B-194D-4CE7-BC87-9B1A98F38D5D}.Debug|x64.ActiveCfg = Debug|x64
		{07E2135B-194D-4CE7-BC87-9B1A98F38D5D}.Debug|x64.Build.0 = Debug|x64
		{07E2135B-194D-4CE7-BC87-9B1A98F38D5D}.Debug|x86.ActiveCfg = Debug|Win32
		{07E2135B-194D-4CE7-BC87-9B1A98F38D5D}.Debug|x86.Build.0 = Debug|Win32
		{07E2135B-194D-4CE7-BC87-9B1A98F38D5D}.Release|x64.ActiveCfg = Release|x64
		{07E2135B-194D-4CE7-BC87-9B1A98F38D5D}.Release|x64.Build.0 = Release|x64
		{07E2135B-194D-4CE7-BC87-9B1A98F38D5D}.Release|x86.ActiveCfg = Release|Win32
		{07E2135B-194D-4CE7-BC87-9B1A98F38D5D}.Release|x86.Build.0 = Release|Win32
		{344E7B85-910A-4E6E-9347-BC4DBA3E5878}.Debug|x64.ActiveCfg = Debug|x64
		{344E7B85-910A-4E6E-9347-BC4DBA3E5878}.Debug|x64.Build.0 = Debug|x64
		{344E7B85-910A-4E6E-9347-BC4DBA3E5878}.Debug|x86.ActiveCfg = Debug|Win32
		{344E7B85-910A-4E6E-9347-BC4DBA3E5878}.Debug|x86.Build.0 = Debug|Win32
		{344E7B85-910A-4E6E-9347-BC4DBA3E5878}.Release|x64.ActiveCfg = Release|x64
		{344E7B85-910A-4E6E-9347-BC4DBA3E5878}.Release|x64.Build.0 = Release|x64
		{344E7B85-910A-4E6E-9347-BC4DBA3E5878}.Release|x86.ActiveCfg = Release|Win32
		{344E7B85-910A-4E6E-9347-BC4DBA3E5878}.Release|x86.Build.0 = Release|Win32
		{51469DA6-7600-4D60-B713-A46FEF160D18}.Debug|x64.ActiveCfg = Debug|x64
		{51469DA6-7600-4D60-B713-A46FEF160D18}.Debug|x64.Build.0 = Debug|x64
		{51469DA6-7600-4D60-B713-A46FEF160D18}.Debug|x86.ActiveCfg = Debug|Win32
		{51469DA6-7600-4D60-B713-A46FEF160D18}.Debug|x86.Build.0 = Debug|Win32
		{51469DA6-7600-4D60-B713-A46FEF160D18}.Release|x64.ActiveCfg = Release|x64
		{51469DA6-7600-4D60-B713-A46FEF160D18}.Release|x64.Build.0 = Release|x64
		{51469DA6-7600-4D60-B713-A46FEF160D18}.Release|x86.ActiveCfg = Release|Win32
		{51469DA6-7600-4D60-B713-A46FEF160D18}.Release|x86.Build.0 = Release|Win32
	EndGlobalSection
	GlobalSection(SolutionProperties) = preSolution
		HideSolutionNode = FALSE
	EndGlobalSection
	GlobalSection(ExtensibilityGlobals) = postSolution
		SolutionGuid = {4152D4B6-E9CA-471E-ACB5-F2F5A6D5716A}
	EndGlobalSection
EndGlobal
