
Microsoft Visual Studio Solution File, Format Version 12.00
# Visual Studio Version 16
VisualStudioVersion = 16.0.31005.135
MinimumVisualStudioVersion = 10.0.40219.1
Project("{8BC9CEB8-8B4A-11D0-8D11-00A0C91BC942}") = "Challenge1", "Challenge1\Challenge1.vcxproj", "{E2DC08FD-0E22-4B32-BA1F-B87BCEF06769}"
EndProject
Project("{8BC9CEB8-8B4A-11D0-8D11-00A0C91BC942}") = "Challenge2", "Challenge2\Challenge2.vcxproj", "{91B2229C-828E-4811-A01E-5C4BADF903FB}"
EndProject
Project("{8BC9CEB8-8B4A-11D0-8D11-00A0C91BC942}") = "Challenge3", "Challenge3\Challenge3.vcxproj", "{295BE761-3398-46A2-8F7B-6594B3BAF2A4}"
EndProject
Project("{8BC9CEB8-8B4A-11D0-8D11-00A0C91BC942}") = "Challenge4", "Challenge4\Challenge4.vcxproj", "{77DC1E6C-7284-40EC-A184-4EED1A8A462A}"
EndProject
Project("{8BC9CEB8-8B4A-11D0-8D11-00A0C91BC942}") = "Challenge5", "Challenge5\Challenge5.vcxproj", "{89436B74-3A57-48C8-B231-2C90ADCA8C1C}"
EndProject
Global
	GlobalSection(SolutionConfigurationPlatforms) = preSolution
		Debug|x64 = Debug|x64
		Debug|x86 = Debug|x86
		Release|x64 = Release|x64
		Release|x86 = Release|x86
	EndGlobalSection
	GlobalSection(ProjectConfigurationPlatforms) = postSolution
		{E2DC08FD-0E22-4B32-BA1F-B87BCEF06769}.Debug|x64.ActiveCfg = Debug|x64
		{E2DC08FD-0E22-4B32-BA1F-B87BCEF06769}.Debug|x64.Build.0 = Debug|x64
		{E2DC08FD-0E22-4B32-BA1F-B87BCEF06769}.Debug|x86.ActiveCfg = Debug|Win32
		{E2DC08FD-0E22-4B32-BA1F-B87BCEF06769}.Debug|x86.Build.0 = Debug|Win32
		{E2DC08FD-0E22-4B32-BA1F-B87BCEF06769}.Release|x64.ActiveCfg = Release|x64
		{E2DC08FD-0E22-4B32-BA1F-B87BCEF06769}.Release|x64.Build.0 = Release|x64
		{E2DC08FD-0E22-4B32-BA1F-B87BCEF06769}.Release|x86.ActiveCfg = Release|Win32
		{E2DC08FD-0E22-4B32-BA1F-B87BCEF06769}.Release|x86.Build.0 = Release|Win32
		{91B2229C-828E-4811-A01E-5C4BADF903FB}.Debug|x64.ActiveCfg = Debug|x64
		{91B2229C-828E-4811-A01E-5C4BADF903FB}.Debug|x64.Build.0 = Debug|x64
		{91B2229C-828E-4811-A01E-5C4BADF903FB}.Debug|x86.ActiveCfg = Debug|Win32
		{91B2229C-828E-4811-A01E-5C4BADF903FB}.Debug|x86.Build.0 = Debug|Win32
		{91B2229C-828E-4811-A01E-5C4BADF903FB}.Release|x64.ActiveCfg = Release|x64
		{91B2229C-828E-4811-A01E-5C4BADF903FB}.Release|x64.Build.0 = Release|x64
		{91B2229C-828E-4811-A01E-5C4BADF903FB}.Release|x86.ActiveCfg = Release|Win32
		{91B2229C-828E-4811-A01E-5C4BADF903FB}.Release|x86.Build.0 = Release|Win32
		{295BE761-3398-46A2-8F7B-6594B3BAF2A4}.Debug|x64.ActiveCfg = Debug|x64
		{295BE761-3398-46A2-8F7B-6594B3BAF2A4}.Debug|x64.Build.0 = Debug|x64
		{295BE761-3398-46A2-8F7B-6594B3BAF2A4}.Debug|x86.ActiveCfg = Debug|Win32
		{295BE761-3398-46A2-8F7B-6594B3BAF2A4}.Debug|x86.Build.0 = Debug|Win32
		{295BE761-3398-46A2-8F7B-6594B3BAF2A4}.Release|x64.ActiveCfg = Release|x64
		{295BE761-3398-46A2-8F7B-6594B3BAF2A4}.Release|x64.Build.0 = Release|x64
		{295BE761-3398-46A2-8F7B-6594B3BAF2A4}.Release|x86.ActiveCfg = Release|Win32
		{295BE761-3398-46A2-8F7B-6594B3BAF2A4}.Release|x86.Build.0 = Release|Win32
		{77DC1E6C-7284-40EC-A184-4EED1A8A462A}.Debug|x64.ActiveCfg = Debug|x64
		{77DC1E6C-7284-40EC-A184-4EED1A8A462A}.Debug|x64.Build.0 = Debug|x64
		{77DC1E6C-7284-40EC-A184-4EED1A8A462A}.Debug|x86.ActiveCfg = Debug|Win32
		{77DC1E6C-7284-40EC-A184-4EED1A8A462A}.Debug|x86.Build.0 = Debug|Win32
		{77DC1E6C-7284-40EC-A184-4EED1A8A462A}.Release|x64.ActiveCfg = Release|x64
		{77DC1E6C-7284-40EC-A184-4EED1A8A462A}.Release|x64.Build.0 = Release|x64
		{77DC1E6C-7284-40EC-A184-4EED1A8A462A}.Release|x86.ActiveCfg = Release|Win32
		{77DC1E6C-7284-40EC-A184-4EED1A8A462A}.Release|x86.Build.0 = Release|Win32
		{89436B74-3A57-48C8-B231-2C90ADCA8C1C}.Debug|x64.ActiveCfg = Debug|x64
		{89436B74-3A57-48C8-B231-2C90ADCA8C1C}.Debug|x64.Build.0 = Debug|x64
		{89436B74-3A57-48C8-B231-2C90ADCA8C1C}.Debug|x86.ActiveCfg = Debug|Win32
		{89436B74-3A57-48C8-B231-2C90ADCA8C1C}.Debug|x86.Build.0 = Debug|Win32
		{89436B74-3A57-48C8-B231-2C90ADCA8C1C}.Release|x64.ActiveCfg = Release|x64
		{89436B74-3A57-48C8-B231-2C90ADCA8C1C}.Release|x64.Build.0 = Release|x64
		{89436B74-3A57-48C8-B231-2C90ADCA8C1C}.Release|x86.ActiveCfg = Release|Win32
		{89436B74-3A57-48C8-B231-2C90ADCA8C1C}.Release|x86.Build.0 = Release|Win32
	EndGlobalSection
	GlobalSection(SolutionProperties) = preSolution
		HideSolutionNode = FALSE
	EndGlobalSection
	GlobalSection(ExtensibilityGlobals) = postSolution
		SolutionGuid = {5DA13AF0-57B8-408D-AF61-96604B8F9995}
	EndGlobalSection
EndGlobal
